
Microsoft Visual Studio Solution File, Format Version 11.00
# Visual Studio 2010
Project("{8BC9CEB8-8B4A-11D0-8D11-00A0C91BC942}") = "SonicTrax Module Interface", "SonicTrax Module Interface\SonicTrax Module Interface.vcxproj", "{EA3BA356-A9F4-4E1C-A4CF-C75D206AA3B9}"
EndProject
Project("{8BC9CEB8-8B4A-11D0-8D11-00A0C91BC942}") = "Module Interface Tester", "Module Interface Tester\Module Interface Tester.vcxproj", "{78C7A5ED-66CE-4D44-8CBF-3475397D7852}"
	ProjectSection(ProjectDependencies) = postProject
		{EA3BA356-A9F4-4E1C-A4CF-C75D206AA3B9} = {EA3BA356-A9F4-4E1C-A4CF-C75D206AA3B9}
	EndProjectSection
EndProject
Global
	GlobalSection(SolutionConfigurationPlatforms) = preSolution
		Debug|Win32 = Debug|Win32
		Release|Win32 = Release|Win32
	EndGlobalSection
	GlobalSection(ProjectConfigurationPlatforms) = postSolution
		{EA3BA356-A9F4-4E1C-A4CF-C75D206AA3B9}.Debug|Win32.ActiveCfg = Debug|Win32
		{EA3BA356-A9F4-4E1C-A4CF-C75D206AA3B9}.Debug|Win32.Build.0 = Debug|Win32
		{EA3BA356-A9F4-4E1C-A4CF-C75D206AA3B9}.Release|Win32.ActiveCfg = Release|Win32
		{EA3BA356-A9F4-4E1C-A4CF-C75D206AA3B9}.Release|Win32.Build.0 = Release|Win32
		{78C7A5ED-66CE-4D44-8CBF-3475397D7852}.Debug|Win32.ActiveCfg = Debug|Win32
		{78C7A5ED-66CE-4D44-8CBF-3475397D7852}.Debug|Win32.Build.0 = Debug|Win32
		{78C7A5ED-66CE-4D44-8CBF-3475397D7852}.Release|Win32.ActiveCfg = Release|Win32
		{78C7A5ED-66CE-4D44-8CBF-3475397D7852}.Release|Win32.Build.0 = Release|Win32
	EndGlobalSection
	GlobalSection(SolutionProperties) = preSolution
		HideSolutionNode = FALSE
	EndGlobalSection
EndGlobal
