<?xml version="1.0" encoding="utf-8"?>
<Project ToolsVersion="4.0" xmlns="http://schemas.microsoft.com/developer/msbuild/2003">
  <ItemGroup>
    <Filter Include="Source Files">
      <UniqueIdentifier>{4FC737F1-C7A5-4376-A066-2A32D752A2FF}</UniqueIdentifier>
      <Extensions>cpp;c;cc;cxx;def;odl;idl;hpj;bat;asm;asmx</Extensions>
    </Filter>
    <Filter Include="Header Files">
      <UniqueIdentifier>{93995380-89BD-4b04-88EB-625FBE52EBFB}</UniqueIdentifier>
      <Extensions>h;hpp;hxx;hm;inl;inc;xsd</Extensions>
    </Filter>
    <Filter Include="Resource Files">
      <UniqueIdentifier>{67DA6AB6-F800-4c08-8B7A-83BB121AAD01}</UniqueIdentifier>
      <Extensions>rc;ico;cur;bmp;dlg;rc2;rct;bin;rgs;gif;jpg;jpeg;jpe;resx;tiff;tif;png;wav;mfcribbon-ms</Extensions>
    </Filter>
    <Filter Include="Header Files\Effects">
      <UniqueIdentifier>{0bf7820c-48af-4af4-9819-efb653188192}</UniqueIdentifier>
    </Filter>
    <Filter Include="Source Files\Effects">
      <UniqueIdentifier>{f52f88da-856b-4ceb-b1ff-241ae7e6986b}</UniqueIdentifier>
    </Filter>
    <Filter Include="Header Files\Renderer">
      <UniqueIdentifier>{9dc4a88a-8012-4b65-bfaf-86ac38e862fa}</UniqueIdentifier>
    </Filter>
    <Filter Include="Source Files\Renderer">
      <UniqueIdentifier>{7b84bcd6-8ba8-46f9-9275-5800a0c250e3}</UniqueIdentifier>
    </Filter>
  </ItemGroup>
  <ItemGroup>
    <None Include="ReadMe.txt" />
  </ItemGroup>
  <ItemGroup>
    <ClInclude Include="stdafx.h">
      <Filter>Header Files</Filter>
    </ClInclude>
    <ClInclude Include="targetver.h">
      <Filter>Header Files</Filter>
    </ClInclude>
    <ClInclude Include="SonicTrax Module Interface.h">
      <Filter>Header Files</Filter>
    </ClInclude>
    <ClInclude Include="CompositeEffect.h">
      <Filter>Header Files\Effects</Filter>
    </ClInclude>
    <ClInclude Include="LeafEffect.h">
      <Filter>Header Files\Effects</Filter>
    </ClInclude>
    <ClInclude Include="Effect.h">
      <Filter>Header Files\Effects</Filter>
    </ClInclude>
    <ClInclude Include="Endpoint.h">
      <Filter>Header Files\Effects</Filter>
    </ClInclude>
    <ClInclude Include="OutputEndpoint.h">
      <Filter>Header Files\Effects</Filter>
    </ClInclude>
    <ClInclude Include="InputEndpoint.h">
      <Filter>Header Files\Effects</Filter>
    </ClInclude>
    <ClInclude Include="EndpointTraits.h">
      <Filter>Header Files\Effects</Filter>
    </ClInclude>
    <ClInclude Include="NumberEndpointTraits.h">
      <Filter>Header Files\Effects</Filter>
    </ClInclude>
    <ClInclude Include="ListEndpointTraits.h">
      <Filter>Header Files\Effects</Filter>
    </ClInclude>
    <ClInclude Include="StaticInputEndpointInstance.h">
      <Filter>Header Files\Effects</Filter>
    </ClInclude>
    <ClInclude Include="InputEndpointInstance.h">
      <Filter>Header Files\Effects</Filter>
    </ClInclude>
    <ClInclude Include="BoundInputEndpointInstance.h">
      <Filter>Header Files\Effects</Filter>
    </ClInclude>
    <ClInclude Include="EffectInstance.h">
      <Filter>Header Files\Effects</Filter>
    </ClInclude>
    <ClInclude Include="NoteEndpointTraits.h">
      <Filter>Header Files\Effects</Filter>
    </ClInclude>
    <ClInclude Include="TotalCompilationContext.h">
      <Filter>Header Files\Effects</Filter>
    </ClInclude>
    <ClInclude Include="EffectCompilationContext.h">
      <Filter>Header Files\Effects</Filter>
    </ClInclude>
    <ClInclude Include="OutputBinding.h">
      <Filter>Header Files\Effects</Filter>
    </ClInclude>
    <ClInclude Include="StaticNumberInputEndpointInstance.h">
      <Filter>Header Files\Effects</Filter>
    </ClInclude>
    <ClInclude Include="Renderer.h">
      <Filter>Header Files\Renderer</Filter>
    </ClInclude>
    <ClInclude Include="EffectFwd.h">
      <Filter>Header Files\Effects</Filter>
    </ClInclude>
    <ClInclude Include="EffectInstanceFwd.h">
      <Filter>Header Files\Effects</Filter>
    </ClInclude>
    <ClInclude Include="Effects.h">
      <Filter>Header Files\Effects</Filter>
    </ClInclude>
    <ClInclude Include="EntranceBoundInputEndpointInstance.h">
      <Filter>Header Files\Effects</Filter>
    </ClInclude>
    <ClInclude Include="CompilationContext.h">
      <Filter>Header Files\Effects</Filter>
    </ClInclude>
    <ClInclude Include="XAudio2Renderer.h">
      <Filter>Header Files</Filter>
    </ClInclude>
  </ItemGroup>
  <ItemGroup>
    <ClCompile Include="stdafx.cpp">
      <Filter>Source Files</Filter>
    </ClCompile>
    <ClCompile Include="SonicTrax Module Interface.cpp">
      <Filter>Source Files</Filter>
    </ClCompile>
    <ClCompile Include="dllmain.cpp">
      <Filter>Source Files</Filter>
    </ClCompile>
    <ClCompile Include="CompositeEffect.cpp">
      <Filter>Source Files\Effects</Filter>
    </ClCompile>
    <ClCompile Include="Effect.cpp">
      <Filter>Source Files\Effects</Filter>
    </ClCompile>
    <ClCompile Include="Endpoint.cpp">
      <Filter>Source Files\Effects</Filter>
    </ClCompile>
    <ClCompile Include="LeafEffect.cpp">
      <Filter>Source Files\Effects</Filter>
    </ClCompile>
    <ClCompile Include="OutputEndpoint.cpp">
      <Filter>Source Files\Effects</Filter>
    </ClCompile>
    <ClCompile Include="InputEndpoint.cpp">
      <Filter>Source Files\Effects</Filter>
    </ClCompile>
    <ClCompile Include="EndpointTraits.cpp">
      <Filter>Source Files\Effects</Filter>
    </ClCompile>
    <ClCompile Include="NumberEndpointTraits.cpp">
      <Filter>Source Files\Effects</Filter>
    </ClCompile>
    <ClCompile Include="ListEndpointTraits.cpp">
      <Filter>Source Files\Effects</Filter>
    </ClCompile>
    <ClCompile Include="BoundInputEndpointInstance.cpp">
      <Filter>Source Files\Effects</Filter>
    </ClCompile>
    <ClCompile Include="EffectInstance.cpp">
      <Filter>Source Files\Effects</Filter>
    </ClCompile>
    <ClCompile Include="InputEndpointInstance.cpp">
      <Filter>Source Files\Effects</Filter>
    </ClCompile>
    <ClCompile Include="StaticInputEndpointInstance.cpp">
      <Filter>Source Files\Effects</Filter>
    </ClCompile>
    <ClCompile Include="NoteEndpointTraits.cpp">
      <Filter>Source Files\Effects</Filter>
    </ClCompile>
    <ClCompile Include="TotalCompilationContext.cpp">
      <Filter>Source Files\Effects</Filter>
    </ClCompile>
    <ClCompile Include="EffectCompilationContext.cpp">
      <Filter>Source Files\Effects</Filter>
    </ClCompile>
    <ClCompile Include="OutputBinding.cpp">
      <Filter>Source Files\Effects</Filter>
    </ClCompile>
    <ClCompile Include="StaticNumberInputEndpointInstance.cpp">
      <Filter>Source Files\Effects</Filter>
    </ClCompile>
    <ClCompile Include="Renderer.cpp">
      <Filter>Source Files\Renderer</Filter>
    </ClCompile>
    <ClCompile Include="EntranceBoundInputEndpointInstance.cpp">
      <Filter>Source Files\Effects</Filter>
    </ClCompile>
    <ClCompile Include="CompilationContext.cpp">
      <Filter>Source Files\Effects</Filter>
    </ClCompile>
    <ClCompile Include="XAudio2Renderer.cpp">
      <Filter>Source Files</Filter>
    </ClCompile>
  </ItemGroup>
</Project>